
Microsoft Visual Studio Solution File, Format Version 12.00
# Visual Studio 15
VisualStudioVersion = 15.0.27703.2047
MinimumVisualStudioVersion = 10.0.40219.1
Project("{FAE04EC0-301F-11D3-BF4B-00C04F79EFBC}") = "InserirAtualizarDados", "InserirAtualizarDados\InserirAtualizarDados.csproj", "{AD30C56A-714D-450F-96B2-11BCF26167D6}"
EndProject
Global
	GlobalSection(SolutionConfigurationPlatforms) = preSolution
		Debug|Any CPU = Debug|Any CPU
		Release|Any CPU = Release|Any CPU
	EndGlobalSection
	GlobalSection(ProjectConfigurationPlatforms) = postSolution
		{AD30C56A-714D-450F-96B2-11BCF26167D6}.Debug|Any CPU.ActiveCfg = Debug|Any CPU
		{AD30C56A-714D-450F-96B2-11BCF26167D6}.Debug|Any CPU.Build.0 = Debug|Any CPU
		{AD30C56A-714D-450F-96B2-11BCF26167D6}.Release|Any CPU.ActiveCfg = Release|Any CPU
		{AD30C56A-714D-450F-96B2-11BCF26167D6}.Release|Any CPU.Build.0 = Release|Any CPU
	EndGlobalSection
	GlobalSection(SolutionProperties) = preSolution
		HideSolutionNode = FALSE
	EndGlobalSection
	GlobalSection(ExtensibilityGlobals) = postSolution
		SolutionGuid = {EC64B8C7-9AA0-4FC8-AFDC-C0753E559E9E}
	EndGlobalSection
EndGlobal
